
Microsoft Visual Studio Solution File, Format Version 12.00
# Visual Studio Version 16
VisualStudioVersion = 16.0.29709.97
MinimumVisualStudioVersion = 10.0.40219.1
Project("{FAE04EC0-301F-11D3-BF4B-00C04F79EFBC}") = "Manager", "..\Manager\Manager.csproj", "{8330D7AB-4889-4F53-8949-6A96BB43FE53}"
EndProject
Project("{FAE04EC0-301F-11D3-BF4B-00C04F79EFBC}") = "Repositary", "..\Repositary\Repositary.csproj", "{4FB68F74-BD52-4C7F-B233-A120B3C29B08}"
EndProject
Project("{FAE04EC0-301F-11D3-BF4B-00C04F79EFBC}") = "Common", "..\Common\Common.csproj", "{AC57A15D-59CB-4A2B-99E0-97905AFC5A54}"
EndProject
Project("{FAE04EC0-301F-11D3-BF4B-00C04F79EFBC}") = "Fundoo", "..\Fundoo\Fundoo.csproj", "{227363FB-9960-4DFB-AC31-49C192371CA3}"
EndProject
Global
	GlobalSection(SolutionConfigurationPlatforms) = preSolution
		Debug|Any CPU = Debug|Any CPU
		Release|Any CPU = Release|Any CPU
	EndGlobalSection
	GlobalSection(ProjectConfigurationPlatforms) = postSolution
		{8330D7AB-4889-4F53-8949-6A96BB43FE53}.Debug|Any CPU.ActiveCfg = Debug|Any CPU
		{8330D7AB-4889-4F53-8949-6A96BB43FE53}.Debug|Any CPU.Build.0 = Debug|Any CPU
		{8330D7AB-4889-4F53-8949-6A96BB43FE53}.Release|Any CPU.ActiveCfg = Release|Any CPU
		{8330D7AB-4889-4F53-8949-6A96BB43FE53}.Release|Any CPU.Build.0 = Release|Any CPU
		{4FB68F74-BD52-4C7F-B233-A120B3C29B08}.Debug|Any CPU.ActiveCfg = Debug|Any CPU
		{4FB68F74-BD52-4C7F-B233-A120B3C29B08}.Debug|Any CPU.Build.0 = Debug|Any CPU
		{4FB68F74-BD52-4C7F-B233-A120B3C29B08}.Release|Any CPU.ActiveCfg = Release|Any CPU
		{4FB68F74-BD52-4C7F-B233-A120B3C29B08}.Release|Any CPU.Build.0 = Release|Any CPU
		{AC57A15D-59CB-4A2B-99E0-97905AFC5A54}.Debug|Any CPU.ActiveCfg = Debug|Any CPU
		{AC57A15D-59CB-4A2B-99E0-97905AFC5A54}.Debug|Any CPU.Build.0 = Debug|Any CPU
		{AC57A15D-59CB-4A2B-99E0-97905AFC5A54}.Release|Any CPU.ActiveCfg = Release|Any CPU
		{AC57A15D-59CB-4A2B-99E0-97905AFC5A54}.Release|Any CPU.Build.0 = Release|Any CPU
		{227363FB-9960-4DFB-AC31-49C192371CA3}.Debug|Any CPU.ActiveCfg = Debug|Any CPU
		{227363FB-9960-4DFB-AC31-49C192371CA3}.Debug|Any CPU.Build.0 = Debug|Any CPU
		{227363FB-9960-4DFB-AC31-49C192371CA3}.Release|Any CPU.ActiveCfg = Release|Any CPU
		{227363FB-9960-4DFB-AC31-49C192371CA3}.Release|Any CPU.Build.0 = Release|Any CPU
	EndGlobalSection
	GlobalSection(SolutionProperties) = preSolution
		HideSolutionNode = FALSE
	EndGlobalSection
	GlobalSection(ExtensibilityGlobals) = postSolution
		SolutionGuid = {48D0542E-ADEC-464C-B4F0-B7442B892B5B}
	EndGlobalSection
EndGlobal
